
Microsoft Visual Studio Solution File, Format Version 12.00
# Visual Studio Version 16
VisualStudioVersion = 16.0.29324.140
MinimumVisualStudioVersion = 10.0.40219.1
Project("{2150E333-8FDC-42A3-9474-1A3956D46DE8}") = "1_document", "1_document", "{146FDEF8-BAC5-4416-BFAF-59C4054748C1}"
EndProject
Project("{2150E333-8FDC-42A3-9474-1A3956D46DE8}") = "2_Trunc", "2_Trunc", "{A2BFF7ED-25F0-4457-BD8E-41F645B92C43}"
EndProject
Project("{2150E333-8FDC-42A3-9474-1A3956D46DE8}") = "3_Ref", "3_Ref", "{27686C21-F9F8-4358-B74C-F9E93E14FCBC}"
EndProject
Project("{2150E333-8FDC-42A3-9474-1A3956D46DE8}") = "4_Test", "4_Test", "{95958187-EA12-4670-9A8B-EC4B5C496258}"
EndProject
Project("{2150E333-8FDC-42A3-9474-1A3956D46DE8}") = "5_Tools", "5_Tools", "{CDF740E4-536C-49B4-9723-52DEEC8590B9}"
EndProject
Project("{2150E333-8FDC-42A3-9474-1A3956D46DE8}") = "6_Test", "6_Test", "{3E24AD0C-869A-46A0-A16A-A56CCCDAC76B}"
EndProject
Project("{2150E333-8FDC-42A3-9474-1A3956D46DE8}") = "7_SimplePower", "7_SimplePower", "{0926AD4F-CE9B-457D-8A8B-074993E0F07D}"
EndProject
Project("{2150E333-8FDC-42A3-9474-1A3956D46DE8}") = "PS", "PS", "{CD4246E5-7FBE-4562-A394-0B19CDDDDD36}"
EndProject
Project("{2150E333-8FDC-42A3-9474-1A3956D46DE8}") = "TenTen", "TenTen", "{96F31FCA-4408-44BB-82C9-377D8FF78C5A}"
EndProject
Project("{2150E333-8FDC-42A3-9474-1A3956D46DE8}") = "OCatle", "OCatle", "{C9318055-E6FD-4DB0-BAC2-B2D97F6283C6}"
EndProject
Project("{2150E333-8FDC-42A3-9474-1A3956D46DE8}") = "Common", "Common", "{CCF97C21-1000-4594-B4D7-11F98DF857E1}"
EndProject
Project("{2150E333-8FDC-42A3-9474-1A3956D46DE8}") = "Grains", "Grains", "{72CC5BFD-B934-4F60-9B1A-B3ADC53EF949}"
EndProject
Project("{2150E333-8FDC-42A3-9474-1A3956D46DE8}") = "Grains", "Grains", "{51C75076-055E-4B86-890B-70AD5EDEFC8B}"
EndProject
Project("{2150E333-8FDC-42A3-9474-1A3956D46DE8}") = "Interfaces", "Interfaces", "{9A214FE2-A916-476C-9284-633B8C8576AC}"
EndProject
Project("{2150E333-8FDC-42A3-9474-1A3956D46DE8}") = "Interfaces", "Interfaces", "{5EE96B1F-1BCB-4A54-9255-B35556DFDFCE}"
EndProject
Project("{2150E333-8FDC-42A3-9474-1A3956D46DE8}") = "Silo", "Silo", "{FE9693CA-C6D3-4C17-8104-2DEF4816F402}"
EndProject
Project("{9A19103F-16F7-4668-BE54-9A1E7A4F7556}") = "PS.Standard.Nuget", "PS.Standard.Nuget\PS.Standard.Nuget.csproj", "{361E8E1E-6536-4F1D-8BBB-0D463AA861CA}"
EndProject
Project("{9A19103F-16F7-4668-BE54-9A1E7A4F7556}") = "PS.Core.Nuget", "PS.Core.Nuget\PS.Core.Nuget.csproj", "{463BCF8A-33D6-4C37-A3B9-8EB4EC2184A6}"
EndProject
Project("{9A19103F-16F7-4668-BE54-9A1E7A4F7556}") = "PS.Common", "PS.Common\PS.Common.csproj", "{C1495940-B674-4592-A702-A6C04F141D4D}"
EndProject
Project("{9A19103F-16F7-4668-BE54-9A1E7A4F7556}") = "PS.Infrasture", "PS.Infrasture\PS.Infrasture.csproj", "{11413E74-A0FF-4299-A53A-CBC734667865}"
EndProject
Project("{2150E333-8FDC-42A3-9474-1A3956D46DE8}") = "Domain", "Domain", "{45A30861-405C-4B5A-A645-6F5BE73E1041}"
EndProject
Project("{9A19103F-16F7-4668-BE54-9A1E7A4F7556}") = "PS.Domain", "PS.Domain\PS.Domain.csproj", "{55405385-285A-460B-9A41-9CE0623EDB84}"
EndProject
Project("{2150E333-8FDC-42A3-9474-1A3956D46DE8}") = "Nuget", "Nuget", "{1054C3CE-988D-4419-B73B-09AA773B1BD1}"
EndProject
Project("{9A19103F-16F7-4668-BE54-9A1E7A4F7556}") = "PS.Silo.HostServer", "PS.Silo.HostServer\PS.Silo.HostServer.csproj", "{2AB4E856-5E9C-4E0D-8CAD-38AC9A9A212F}"
EndProject
Project("{9A19103F-16F7-4668-BE54-9A1E7A4F7556}") = "PS.Applications", "PS.Applications\PS.Applications.csproj", "{6181A4E6-7683-4850-AFB0-7B1B31FD2E28}"
EndProject
Project("{9A19103F-16F7-4668-BE54-9A1E7A4F7556}") = "ConsoleApp1", "ConsoleApp1\ConsoleApp1.csproj", "{EC80A762-6368-46A7-A26F-76AC8C6F54AF}"
EndProject
Project("{9A19103F-16F7-4668-BE54-9A1E7A4F7556}") = "db_migration", "db_migration\db_migration.csproj", "{8863CC29-D4CF-4C27-A72A-ED1CF8E4F397}"
EndProject
Project("{9A19103F-16F7-4668-BE54-9A1E7A4F7556}") = "OCatle.inf.V1", "OCatle.inf.V1\OCatle.inf.V1.csproj", "{407E915B-62D8-491C-9F3E-63670032BAD9}"
EndProject
Project("{9A19103F-16F7-4668-BE54-9A1E7A4F7556}") = "OCatle.Grains.Common", "OCatle.Grains.Common\OCatle.Grains.Common.csproj", "{4E5311F9-C8CA-4356-BF14-5F88589B80BE}"
EndProject
Project("{9A19103F-16F7-4668-BE54-9A1E7A4F7556}") = "clienttest", "clienttest\clienttest.csproj", "{F7187FB8-0CC3-4E68-9ADE-F09DD358B81F}"
EndProject
Project("{9A19103F-16F7-4668-BE54-9A1E7A4F7556}") = "mqtest", "mqtest\mqtest.csproj", "{C79FA759-211B-4EF1-9099-14032B1533F2}"
EndProject
Project("{FAE04EC0-301F-11D3-BF4B-00C04F79EFBC}") = "eventstoretest", "eventstoretest\eventstoretest.csproj", "{C2278B43-A2A7-47E3-AA50-723B0AA9DCF1}"
EndProject
Project("{9A19103F-16F7-4668-BE54-9A1E7A4F7556}") = "PS.Database", "PS.Database\PS.Database.csproj", "{3C32C6CF-ACBF-4D60-AEAC-A40E8662E528}"
EndProject
Project("{9A19103F-16F7-4668-BE54-9A1E7A4F7556}") = "PS.Application.Commands", "PS.Application.PS2\PS.Application.Commands.csproj", "{1E01C0E7-89E0-437F-B568-0DFBC9963A8B}"
EndProject
Project("{9A19103F-16F7-4668-BE54-9A1E7A4F7556}") = "test2", "test2\test2.csproj", "{38DA6B8A-1EE4-4906-9CBE-A4D66F37C0E1}"
EndProject
Project("{9A19103F-16F7-4668-BE54-9A1E7A4F7556}") = "Ocatile.Grain.PS", "OCatle\Ocatile.Grain.PS\Ocatile.Grain.PS.csproj", "{AF9DE760-49FA-4073-8DF4-D78D76D1265B}"
EndProject
Project("{FAE04EC0-301F-11D3-BF4B-00C04F79EFBC}") = "Tenten.Clinet.Api", "Tenten\Tenten.Clinet.Api\Tenten.Clinet.Api.csproj", "{90278947-8FDD-4FAA-B73D-B8DDBBEB15FF}"
EndProject
Global
	GlobalSection(SolutionConfigurationPlatforms) = preSolution
		Debug|Any CPU = Debug|Any CPU
		Release|Any CPU = Release|Any CPU
	EndGlobalSection
	GlobalSection(ProjectConfigurationPlatforms) = postSolution
		{361E8E1E-6536-4F1D-8BBB-0D463AA861CA}.Debug|Any CPU.ActiveCfg = Debug|Any CPU
		{361E8E1E-6536-4F1D-8BBB-0D463AA861CA}.Debug|Any CPU.Build.0 = Debug|Any CPU
		{361E8E1E-6536-4F1D-8BBB-0D463AA861CA}.Release|Any CPU.ActiveCfg = Release|Any CPU
		{361E8E1E-6536-4F1D-8BBB-0D463AA861CA}.Release|Any CPU.Build.0 = Release|Any CPU
		{463BCF8A-33D6-4C37-A3B9-8EB4EC2184A6}.Debug|Any CPU.ActiveCfg = Debug|Any CPU
		{463BCF8A-33D6-4C37-A3B9-8EB4EC2184A6}.Debug|Any CPU.Build.0 = Debug|Any CPU
		{463BCF8A-33D6-4C37-A3B9-8EB4EC2184A6}.Release|Any CPU.ActiveCfg = Release|Any CPU
		{463BCF8A-33D6-4C37-A3B9-8EB4EC2184A6}.Release|Any CPU.Build.0 = Release|Any CPU
		{C1495940-B674-4592-A702-A6C04F141D4D}.Debug|Any CPU.ActiveCfg = Debug|Any CPU
		{C1495940-B674-4592-A702-A6C04F141D4D}.Debug|Any CPU.Build.0 = Debug|Any CPU
		{C1495940-B674-4592-A702-A6C04F141D4D}.Release|Any CPU.ActiveCfg = Release|Any CPU
		{C1495940-B674-4592-A702-A6C04F141D4D}.Release|Any CPU.Build.0 = Release|Any CPU
		{11413E74-A0FF-4299-A53A-CBC734667865}.Debug|Any CPU.ActiveCfg = Debug|Any CPU
		{11413E74-A0FF-4299-A53A-CBC734667865}.Debug|Any CPU.Build.0 = Debug|Any CPU
		{11413E74-A0FF-4299-A53A-CBC734667865}.Release|Any CPU.ActiveCfg = Release|Any CPU
		{11413E74-A0FF-4299-A53A-CBC734667865}.Release|Any CPU.Build.0 = Release|Any CPU
		{55405385-285A-460B-9A41-9CE0623EDB84}.Debug|Any CPU.ActiveCfg = Debug|Any CPU
		{55405385-285A-460B-9A41-9CE0623EDB84}.Debug|Any CPU.Build.0 = Debug|Any CPU
		{55405385-285A-460B-9A41-9CE0623EDB84}.Release|Any CPU.ActiveCfg = Release|Any CPU
		{55405385-285A-460B-9A41-9CE0623EDB84}.Release|Any CPU.Build.0 = Release|Any CPU
		{2AB4E856-5E9C-4E0D-8CAD-38AC9A9A212F}.Debug|Any CPU.ActiveCfg = Debug|Any CPU
		{2AB4E856-5E9C-4E0D-8CAD-38AC9A9A212F}.Debug|Any CPU.Build.0 = Debug|Any CPU
		{2AB4E856-5E9C-4E0D-8CAD-38AC9A9A212F}.Release|Any CPU.ActiveCfg = Release|Any CPU
		{2AB4E856-5E9C-4E0D-8CAD-38AC9A9A212F}.Release|Any CPU.Build.0 = Release|Any CPU
		{6181A4E6-7683-4850-AFB0-7B1B31FD2E28}.Debug|Any CPU.ActiveCfg = Debug|Any CPU
		{6181A4E6-7683-4850-AFB0-7B1B31FD2E28}.Debug|Any CPU.Build.0 = Debug|Any CPU
		{6181A4E6-7683-4850-AFB0-7B1B31FD2E28}.Release|Any CPU.ActiveCfg = Release|Any CPU
		{6181A4E6-7683-4850-AFB0-7B1B31FD2E28}.Release|Any CPU.Build.0 = Release|Any CPU
		{EC80A762-6368-46A7-A26F-76AC8C6F54AF}.Debug|Any CPU.ActiveCfg = Debug|Any CPU
		{EC80A762-6368-46A7-A26F-76AC8C6F54AF}.Debug|Any CPU.Build.0 = Debug|Any CPU
		{EC80A762-6368-46A7-A26F-76AC8C6F54AF}.Release|Any CPU.ActiveCfg = Release|Any CPU
		{EC80A762-6368-46A7-A26F-76AC8C6F54AF}.Release|Any CPU.Build.0 = Release|Any CPU
		{8863CC29-D4CF-4C27-A72A-ED1CF8E4F397}.Debug|Any CPU.ActiveCfg = Debug|Any CPU
		{8863CC29-D4CF-4C27-A72A-ED1CF8E4F397}.Debug|Any CPU.Build.0 = Debug|Any CPU
		{8863CC29-D4CF-4C27-A72A-ED1CF8E4F397}.Release|Any CPU.ActiveCfg = Release|Any CPU
		{8863CC29-D4CF-4C27-A72A-ED1CF8E4F397}.Release|Any CPU.Build.0 = Release|Any CPU
		{407E915B-62D8-491C-9F3E-63670032BAD9}.Debug|Any CPU.ActiveCfg = Debug|Any CPU
		{407E915B-62D8-491C-9F3E-63670032BAD9}.Debug|Any CPU.Build.0 = Debug|Any CPU
		{407E915B-62D8-491C-9F3E-63670032BAD9}.Release|Any CPU.ActiveCfg = Release|Any CPU
		{407E915B-62D8-491C-9F3E-63670032BAD9}.Release|Any CPU.Build.0 = Release|Any CPU
		{4E5311F9-C8CA-4356-BF14-5F88589B80BE}.Debug|Any CPU.ActiveCfg = Debug|Any CPU
		{4E5311F9-C8CA-4356-BF14-5F88589B80BE}.Debug|Any CPU.Build.0 = Debug|Any CPU
		{4E5311F9-C8CA-4356-BF14-5F88589B80BE}.Release|Any CPU.ActiveCfg = Release|Any CPU
		{4E5311F9-C8CA-4356-BF14-5F88589B80BE}.Release|Any CPU.Build.0 = Release|Any CPU
		{F7187FB8-0CC3-4E68-9ADE-F09DD358B81F}.Debug|Any CPU.ActiveCfg = Debug|Any CPU
		{F7187FB8-0CC3-4E68-9ADE-F09DD358B81F}.Debug|Any CPU.Build.0 = Debug|Any CPU
		{F7187FB8-0CC3-4E68-9ADE-F09DD358B81F}.Release|Any CPU.ActiveCfg = Release|Any CPU
		{F7187FB8-0CC3-4E68-9ADE-F09DD358B81F}.Release|Any CPU.Build.0 = Release|Any CPU
		{C79FA759-211B-4EF1-9099-14032B1533F2}.Debug|Any CPU.ActiveCfg = Debug|Any CPU
		{C79FA759-211B-4EF1-9099-14032B1533F2}.Debug|Any CPU.Build.0 = Debug|Any CPU
		{C79FA759-211B-4EF1-9099-14032B1533F2}.Release|Any CPU.ActiveCfg = Release|Any CPU
		{C79FA759-211B-4EF1-9099-14032B1533F2}.Release|Any CPU.Build.0 = Release|Any CPU
		{C2278B43-A2A7-47E3-AA50-723B0AA9DCF1}.Debug|Any CPU.ActiveCfg = Debug|Any CPU
		{C2278B43-A2A7-47E3-AA50-723B0AA9DCF1}.Debug|Any CPU.Build.0 = Debug|Any CPU
		{C2278B43-A2A7-47E3-AA50-723B0AA9DCF1}.Release|Any CPU.ActiveCfg = Release|Any CPU
		{C2278B43-A2A7-47E3-AA50-723B0AA9DCF1}.Release|Any CPU.Build.0 = Release|Any CPU
		{3C32C6CF-ACBF-4D60-AEAC-A40E8662E528}.Debug|Any CPU.ActiveCfg = Debug|Any CPU
		{3C32C6CF-ACBF-4D60-AEAC-A40E8662E528}.Debug|Any CPU.Build.0 = Debug|Any CPU
		{3C32C6CF-ACBF-4D60-AEAC-A40E8662E528}.Release|Any CPU.ActiveCfg = Release|Any CPU
		{3C32C6CF-ACBF-4D60-AEAC-A40E8662E528}.Release|Any CPU.Build.0 = Release|Any CPU
		{1E01C0E7-89E0-437F-B568-0DFBC9963A8B}.Debug|Any CPU.ActiveCfg = Debug|Any CPU
		{1E01C0E7-89E0-437F-B568-0DFBC9963A8B}.Debug|Any CPU.Build.0 = Debug|Any CPU
		{1E01C0E7-89E0-437F-B568-0DFBC9963A8B}.Release|Any CPU.ActiveCfg = Release|Any CPU
		{1E01C0E7-89E0-437F-B568-0DFBC9963A8B}.Release|Any CPU.Build.0 = Release|Any CPU
		{38DA6B8A-1EE4-4906-9CBE-A4D66F37C0E1}.Debug|Any CPU.ActiveCfg = Debug|Any CPU
		{38DA6B8A-1EE4-4906-9CBE-A4D66F37C0E1}.Debug|Any CPU.Build.0 = Debug|Any CPU
		{38DA6B8A-1EE4-4906-9CBE-A4D66F37C0E1}.Release|Any CPU.ActiveCfg = Release|Any CPU
		{38DA6B8A-1EE4-4906-9CBE-A4D66F37C0E1}.Release|Any CPU.Build.0 = Release|Any CPU
		{AF9DE760-49FA-4073-8DF4-D78D76D1265B}.Debug|Any CPU.ActiveCfg = Debug|Any CPU
		{AF9DE760-49FA-4073-8DF4-D78D76D1265B}.Debug|Any CPU.Build.0 = Debug|Any CPU
		{AF9DE760-49FA-4073-8DF4-D78D76D1265B}.Release|Any CPU.ActiveCfg = Release|Any CPU
		{AF9DE760-49FA-4073-8DF4-D78D76D1265B}.Release|Any CPU.Build.0 = Release|Any CPU
		{90278947-8FDD-4FAA-B73D-B8DDBBEB15FF}.Debug|Any CPU.ActiveCfg = Debug|Any CPU
		{90278947-8FDD-4FAA-B73D-B8DDBBEB15FF}.Debug|Any CPU.Build.0 = Debug|Any CPU
		{90278947-8FDD-4FAA-B73D-B8DDBBEB15FF}.Release|Any CPU.ActiveCfg = Release|Any CPU
		{90278947-8FDD-4FAA-B73D-B8DDBBEB15FF}.Release|Any CPU.Build.0 = Release|Any CPU
	EndGlobalSection
	GlobalSection(SolutionProperties) = preSolution
		HideSolutionNode = FALSE
	EndGlobalSection
	GlobalSection(NestedProjects) = preSolution
		{CD4246E5-7FBE-4562-A394-0B19CDDDDD36} = {A2BFF7ED-25F0-4457-BD8E-41F645B92C43}
		{96F31FCA-4408-44BB-82C9-377D8FF78C5A} = {A2BFF7ED-25F0-4457-BD8E-41F645B92C43}
		{C9318055-E6FD-4DB0-BAC2-B2D97F6283C6} = {CD4246E5-7FBE-4562-A394-0B19CDDDDD36}
		{CCF97C21-1000-4594-B4D7-11F98DF857E1} = {CD4246E5-7FBE-4562-A394-0B19CDDDDD36}
		{72CC5BFD-B934-4F60-9B1A-B3ADC53EF949} = {C9318055-E6FD-4DB0-BAC2-B2D97F6283C6}
		{51C75076-055E-4B86-890B-70AD5EDEFC8B} = {96F31FCA-4408-44BB-82C9-377D8FF78C5A}
		{9A214FE2-A916-476C-9284-633B8C8576AC} = {C9318055-E6FD-4DB0-BAC2-B2D97F6283C6}
		{5EE96B1F-1BCB-4A54-9255-B35556DFDFCE} = {96F31FCA-4408-44BB-82C9-377D8FF78C5A}
		{FE9693CA-C6D3-4C17-8104-2DEF4816F402} = {CD4246E5-7FBE-4562-A394-0B19CDDDDD36}
		{361E8E1E-6536-4F1D-8BBB-0D463AA861CA} = {1054C3CE-988D-4419-B73B-09AA773B1BD1}
		{463BCF8A-33D6-4C37-A3B9-8EB4EC2184A6} = {1054C3CE-988D-4419-B73B-09AA773B1BD1}
		{C1495940-B674-4592-A702-A6C04F141D4D} = {CCF97C21-1000-4594-B4D7-11F98DF857E1}
		{11413E74-A0FF-4299-A53A-CBC734667865} = {CCF97C21-1000-4594-B4D7-11F98DF857E1}
		{45A30861-405C-4B5A-A645-6F5BE73E1041} = {CD4246E5-7FBE-4562-A394-0B19CDDDDD36}
		{55405385-285A-460B-9A41-9CE0623EDB84} = {45A30861-405C-4B5A-A645-6F5BE73E1041}
		{1054C3CE-988D-4419-B73B-09AA773B1BD1} = {CD4246E5-7FBE-4562-A394-0B19CDDDDD36}
		{2AB4E856-5E9C-4E0D-8CAD-38AC9A9A212F} = {FE9693CA-C6D3-4C17-8104-2DEF4816F402}
		{6181A4E6-7683-4850-AFB0-7B1B31FD2E28} = {45A30861-405C-4B5A-A645-6F5BE73E1041}
		{EC80A762-6368-46A7-A26F-76AC8C6F54AF} = {CDF740E4-536C-49B4-9723-52DEEC8590B9}
		{8863CC29-D4CF-4C27-A72A-ED1CF8E4F397} = {CDF740E4-536C-49B4-9723-52DEEC8590B9}
		{407E915B-62D8-491C-9F3E-63670032BAD9} = {9A214FE2-A916-476C-9284-633B8C8576AC}
		{4E5311F9-C8CA-4356-BF14-5F88589B80BE} = {72CC5BFD-B934-4F60-9B1A-B3ADC53EF949}
		{F7187FB8-0CC3-4E68-9ADE-F09DD358B81F} = {95958187-EA12-4670-9A8B-EC4B5C496258}
		{C79FA759-211B-4EF1-9099-14032B1533F2} = {95958187-EA12-4670-9A8B-EC4B5C496258}
		{C2278B43-A2A7-47E3-AA50-723B0AA9DCF1} = {CDF740E4-536C-49B4-9723-52DEEC8590B9}
		{3C32C6CF-ACBF-4D60-AEAC-A40E8662E528} = {CCF97C21-1000-4594-B4D7-11F98DF857E1}
		{1E01C0E7-89E0-437F-B568-0DFBC9963A8B} = {45A30861-405C-4B5A-A645-6F5BE73E1041}
		{38DA6B8A-1EE4-4906-9CBE-A4D66F37C0E1} = {95958187-EA12-4670-9A8B-EC4B5C496258}
		{AF9DE760-49FA-4073-8DF4-D78D76D1265B} = {72CC5BFD-B934-4F60-9B1A-B3ADC53EF949}
		{90278947-8FDD-4FAA-B73D-B8DDBBEB15FF} = {96F31FCA-4408-44BB-82C9-377D8FF78C5A}
	EndGlobalSection
	GlobalSection(ExtensibilityGlobals) = postSolution
		SolutionGuid = {36E10BD6-7AC5-4103-8D44-9A7053FAF9F6}
	EndGlobalSection
EndGlobal
